{
  "nodes": {
    "alejandra": {
      "inputs": {
        "fenix": "fenix",
        "flakeCompat": "flakeCompat",
        "nixpkgs": [
          "nixpkgs"
        ]
      },
      "locked": {
        "lastModified": 1744324181,
        "narHash": "sha256-Oi1n2ncF4/AWeY6X55o2FddIRICokbciqFYK64XorYk=",
        "owner": "kamadorueda",
        "repo": "alejandra",
        "rev": "3e2a85506627062313e131bf8a85315f3387c8e0",
        "type": "github"
      },
      "original": {
        "owner": "kamadorueda",
        "ref": "4.0.0",
        "repo": "alejandra",
        "type": "github"
      }
    },
    "catppuccin": {
      "inputs": {
        "nixpkgs": "nixpkgs"
      },
      "locked": {
        "lastModified": 1763111355,
        "narHash": "sha256-iUTS8wV7tCo7A456Ro6ZOJ6Bbk0V5Is3zPd+BmJHJ/Q=",
        "owner": "catppuccin",
        "repo": "nix",
        "rev": "5375a9d80c4b2a835c7203920f997f3ea4224423",
        "type": "github"
      },
      "original": {
        "owner": "catppuccin",
        "ref": "release-25.05",
        "repo": "nix",
        "type": "github"
      }
    },
    "fenix": {
      "inputs": {
        "nixpkgs": [
          "alejandra",
          "nixpkgs"
        ],
        "rust-analyzer-src": "rust-analyzer-src"
      },
      "locked": {
        "lastModified": 1730615655,
        "narHash": "sha256-2HBR3zLn57LXKNRtxBb+O+uDqHM4n0pz51rPayMl4cg=",
        "owner": "nix-community",
        "repo": "fenix",
        "rev": "efeb50e2535b17ffd4a135e6e3e5fd60a525180c",
        "type": "github"
      },
      "original": {
        "owner": "nix-community",
        "repo": "fenix",
        "type": "github"
      }
    },
    "flake-compat": {
      "flake": false,
      "locked": {
        "lastModified": 1765121682,
        "narHash": "sha256-4VBOP18BFeiPkyhy9o4ssBNQEvfvv1kXkasAYd0+rrA=",
        "owner": "edolstra",
        "repo": "flake-compat",
        "rev": "65f23138d8d09a92e30f1e5c87611b23ef451bf3",
        "type": "github"
      },
      "original": {
        "owner": "edolstra",
        "repo": "flake-compat",
        "type": "github"
      }
    },
    "flake-parts": {
      "inputs": {
        "nixpkgs-lib": [
          "nixpkgs"
        ]
      },
      "locked": {
        "lastModified": 1765835352,
        "narHash": "sha256-XswHlK/Qtjasvhd1nOa1e8MgZ8GS//jBoTqWtrS1Giw=",
        "owner": "hercules-ci",
        "repo": "flake-parts",
        "rev": "a34fae9c08a15ad73f295041fec82323541400a9",
        "type": "github"
      },
      "original": {
        "owner": "hercules-ci",
        "repo": "flake-parts",
        "type": "github"
      }
    },
    "flakeCompat": {
      "flake": false,
      "locked": {
        "lastModified": 1696426674,
        "narHash": "sha256-kvjfFW7WAETZlt09AgDn1MrtKzP7t90Vf7vypd3OL1U=",
        "owner": "edolstra",
        "repo": "flake-compat",
        "rev": "0f9255e01c2351cc7d116c072cb317785dd33b33",
        "type": "github"
      },
      "original": {
        "owner": "edolstra",
        "repo": "flake-compat",
        "type": "github"
      }
    },
    "home-manager": {
      "inputs": {
        "nixpkgs": [
          "nixpkgs"
        ]
      },
      "locked": {
        "lastModified": 1767280655,
        "narHash": "sha256-YmaYMduV5ko8zURUT1VLGDbVC1L/bxHS0NsiPoZ6bBM=",
        "owner": "nix-community",
        "repo": "home-manager",
        "rev": "d49d2543f02dbd789ed032188c84570d929223cb",
        "type": "github"
      },
      "original": {
        "owner": "nix-community",
        "ref": "release-25.11",
        "repo": "home-manager",
        "type": "github"
      }
    },
    "nix-index-database": {
      "inputs": {
        "nixpkgs": [
          "unstable"
        ]
      },
      "locked": {
        "lastModified": 1765267181,
        "narHash": "sha256-d3NBA9zEtBu2JFMnTBqWj7Tmi7R5OikoU2ycrdhQEws=",
        "owner": "nix-community",
        "repo": "nix-index-database",
        "rev": "82befcf7dc77c909b0f2a09f5da910ec95c5b78f",
        "type": "github"
      },
      "original": {
        "owner": "nix-community",
        "repo": "nix-index-database",
        "type": "github"
      }
    },
    "nixos-hardware": {
      "locked": {
        "lastModified": 1767185284,
        "narHash": "sha256-ljDBUDpD1Cg5n3mJI81Hz5qeZAwCGxon4kQW3Ho3+6Q=",
        "owner": "NixOS",
        "repo": "nixos-hardware",
        "rev": "40b1a28dce561bea34858287fbb23052c3ee63fe",
        "type": "github"
      },
      "original": {
        "owner": "NixOS",
        "ref": "master",
        "repo": "nixos-hardware",
        "type": "github"
      }
    },
    "nixos-wsl": {
      "inputs": {
        "flake-compat": "flake-compat",
        "nixpkgs": "nixpkgs_2"
      },
      "locked": {
        "lastModified": 1765841014,
        "narHash": "sha256-55V0AJ36V5Egh4kMhWtDh117eE3GOjwq5LhwxDn9eHg=",
        "owner": "nix-community",
        "repo": "NixOS-WSL",
        "rev": "be4af8042e7a61fa12fda58fe9a3b3babdefe17b",
        "type": "github"
      },
      "original": {
        "owner": "nix-community",
        "ref": "main",
        "repo": "NixOS-WSL",
        "type": "github"
      }
    },
    "nixpkgs": {
      "locked": {
        "lastModified": 1753749649,
        "narHash": "sha256-+jkEZxs7bfOKfBIk430K+tK9IvXlwzqQQnppC2ZKFj4=",
        "owner": "NixOS",
        "repo": "nixpkgs",
        "rev": "1f08a4df998e21f4e8be8fb6fbf61d11a1a5076a",
        "type": "github"
      },
      "original": {
        "owner": "NixOS",
        "ref": "nixos-25.05",
        "repo": "nixpkgs",
        "type": "github"
      }
    },
    "nixpkgs_2": {
      "locked": {
        "lastModified": 1765472234,
        "narHash": "sha256-9VvC20PJPsleGMewwcWYKGzDIyjckEz8uWmT0vCDYK0=",
        "owner": "NixOS",
        "repo": "nixpkgs",
        "rev": "2fbfb1d73d239d2402a8fe03963e37aab15abe8b",
        "type": "github"
      },
      "original": {
        "owner": "NixOS",
        "ref": "nixos-unstable",
        "repo": "nixpkgs",
        "type": "github"
      }
    },
    "nixpkgs_3": {
      "locked": {
        "lastModified": 1767325753,
        "narHash": "sha256-yA/CuWyqm+AQo2ivGy6PlYrjZBQm7jfbe461+4HF2fo=",
        "owner": "NixOS",
        "repo": "nixpkgs",
        "rev": "64049ca74d63e971b627b5f3178d95642e61cedd",
        "type": "github"
      },
      "original": {
        "owner": "NixOS",
        "ref": "nixos-25.11",
        "repo": "nixpkgs",
        "type": "github"
      }
    },
    "root": {
      "inputs": {
        "alejandra": "alejandra",
        "catppuccin": "catppuccin",
        "flake-parts": "flake-parts",
        "home-manager": "home-manager",
        "nix-index-database": "nix-index-database",
        "nixos-hardware": "nixos-hardware",
        "nixos-wsl": "nixos-wsl",
        "nixpkgs": "nixpkgs_3",
        "unstable": "unstable"
      }
    },
    "rust-analyzer-src": {
      "flake": false,
      "locked": {
        "lastModified": 1730555913,
        "narHash": "sha256-KNHZUlqsEibg3YtfUyOFQSofP8hp1HKoY+laoesBxRM=",
        "owner": "rust-lang",
        "repo": "rust-analyzer",
        "rev": "f17a5bbfd0969ba2e63a74505a80e55ecb174ed9",
        "type": "github"
      },
      "original": {
        "owner": "rust-lang",
        "ref": "nightly",
        "repo": "rust-analyzer",
        "type": "github"
      }
    },
    "unstable": {
      "locked": {
        "lastModified": 1767116409,
        "narHash": "sha256-5vKw92l1GyTnjoLzEagJy5V5mDFck72LiQWZSOnSicw=",
        "owner": "nixos",
        "repo": "nixpkgs",
        "rev": "cad22e7d996aea55ecab064e84834289143e44a0",
        "type": "github"
      },
      "original": {
        "owner": "nixos",
        "ref": "nixos-unstable",
        "repo": "nixpkgs",
        "type": "github"
      }
    }
  },
  "root": "root",
  "version": 7
}
